
Microsoft Visual Studio Solution File, Format Version 12.00
# Visual Studio Version 17
VisualStudioVersion = 17.5.33516.290
MinimumVisualStudioVersion = 10.0.40219.1
Project("{FAE04EC0-301F-11D3-BF4B-00C04F79EFBC}") = "Clase05", "Clase05.csproj", "{110CBDF0-4AE4-412E-8FD8-94CA226D4EB9}"
EndProject
Global
	GlobalSection(SolutionConfigurationPlatforms) = preSolution
		Debug|Any CPU = Debug|Any CPU
		Release|Any CPU = Release|Any CPU
	EndGlobalSection
	GlobalSection(ProjectConfigurationPlatforms) = postSolution
		{110CBDF0-4AE4-412E-8FD8-94CA226D4EB9}.Debug|Any CPU.ActiveCfg = Debug|Any CPU
		{110CBDF0-4AE4-412E-8FD8-94CA226D4EB9}.Debug|Any CPU.Build.0 = Debug|Any CPU
		{110CBDF0-4AE4-412E-8FD8-94CA226D4EB9}.Release|Any CPU.ActiveCfg = Release|Any CPU
		{110CBDF0-4AE4-412E-8FD8-94CA226D4EB9}.Release|Any CPU.Build.0 = Release|Any CPU
	EndGlobalSection
	GlobalSection(SolutionProperties) = preSolution
		HideSolutionNode = FALSE
	EndGlobalSection
	GlobalSection(ExtensibilityGlobals) = postSolution
		SolutionGuid = {AE2EFA6F-515B-4FD0-BF9C-D107842B52C3}
	EndGlobalSection
EndGlobal
